
Microsoft Visual Studio Solution File, Format Version 12.00
# Visual Studio Version 17
VisualStudioVersion = 17.5.002.0
MinimumVisualStudioVersion = 10.0.40219.1
Project("{9A19103F-16F7-4668-BE54-9A1E7A4F7556}") = "ExpenseManager.api", "ExpenseManager.api.csproj", "{30A9E1B7-611B-41A9-B72F-8F0EE8B9B570}"
EndProject
Project("{FAE04EC0-301F-11D3-BF4B-00C04F79EFBC}") = "ExpenseManager.models", "..\ExpenseManager.models\ExpenseManager.models.csproj", "{808F32C8-8294-42DA-9F1D-671CF34267DE}"
EndProject
Project("{FAE04EC0-301F-11D3-BF4B-00C04F79EFBC}") = "ExpenseManager.service", "..\ExpenseManager.service\ExpenseManager.service.csproj", "{DB9B1BD4-A2D7-4C77-9615-42FE76D3AA1B}"
EndProject
Project("{FAE04EC0-301F-11D3-BF4B-00C04F79EFBC}") = "ExpenseManager.businesslogic", "..\ExpenseManager.businesslogic\ExpenseManager.businesslogic.csproj", "{F9AE1C3A-2EA8-459D-B457-47657A3F2C43}"
EndProject
Global
	GlobalSection(SolutionConfigurationPlatforms) = preSolution
		Debug|Any CPU = Debug|Any CPU
		Release|Any CPU = Release|Any CPU
	EndGlobalSection
	GlobalSection(ProjectConfigurationPlatforms) = postSolution
		{30A9E1B7-611B-41A9-B72F-8F0EE8B9B570}.Debug|Any CPU.ActiveCfg = Debug|Any CPU
		{30A9E1B7-611B-41A9-B72F-8F0EE8B9B570}.Debug|Any CPU.Build.0 = Debug|Any CPU
		{30A9E1B7-611B-41A9-B72F-8F0EE8B9B570}.Release|Any CPU.ActiveCfg = Release|Any CPU
		{30A9E1B7-611B-41A9-B72F-8F0EE8B9B570}.Release|Any CPU.Build.0 = Release|Any CPU
		{808F32C8-8294-42DA-9F1D-671CF34267DE}.Debug|Any CPU.ActiveCfg = Debug|Any CPU
		{808F32C8-8294-42DA-9F1D-671CF34267DE}.Debug|Any CPU.Build.0 = Debug|Any CPU
		{808F32C8-8294-42DA-9F1D-671CF34267DE}.Release|Any CPU.ActiveCfg = Release|Any CPU
		{808F32C8-8294-42DA-9F1D-671CF34267DE}.Release|Any CPU.Build.0 = Release|Any CPU
		{DB9B1BD4-A2D7-4C77-9615-42FE76D3AA1B}.Debug|Any CPU.ActiveCfg = Debug|Any CPU
		{DB9B1BD4-A2D7-4C77-9615-42FE76D3AA1B}.Debug|Any CPU.Build.0 = Debug|Any CPU
		{DB9B1BD4-A2D7-4C77-9615-42FE76D3AA1B}.Release|Any CPU.ActiveCfg = Release|Any CPU
		{DB9B1BD4-A2D7-4C77-9615-42FE76D3AA1B}.Release|Any CPU.Build.0 = Release|Any CPU
		{F9AE1C3A-2EA8-459D-B457-47657A3F2C43}.Debug|Any CPU.ActiveCfg = Debug|Any CPU
		{F9AE1C3A-2EA8-459D-B457-47657A3F2C43}.Debug|Any CPU.Build.0 = Debug|Any CPU
		{F9AE1C3A-2EA8-459D-B457-47657A3F2C43}.Release|Any CPU.ActiveCfg = Release|Any CPU
		{F9AE1C3A-2EA8-459D-B457-47657A3F2C43}.Release|Any CPU.Build.0 = Release|Any CPU
	EndGlobalSection
	GlobalSection(SolutionProperties) = preSolution
		HideSolutionNode = FALSE
	EndGlobalSection
	GlobalSection(ExtensibilityGlobals) = postSolution
		SolutionGuid = {A8E98B19-C025-430D-96A5-47DF1F261A2A}
	EndGlobalSection
EndGlobal
